
Microsoft Visual Studio Solution File, Format Version 12.00
# Visual Studio Version 16
VisualStudioVersion = 16.0.30717.126
MinimumVisualStudioVersion = 10.0.40219.1
Project("{FAE04EC0-301F-11D3-BF4B-00C04F79EFBC}") = "Negrea_Georgiana_Lab10.Android", "Negrea_Georgiana_Lab10.Android\Negrea_Georgiana_Lab10.Android.csproj", "{C6B959EE-C4BD-4AD0-B3BC-AC5306BBD426}"
EndProject
Project("{FAE04EC0-301F-11D3-BF4B-00C04F79EFBC}") = "Negrea_Georgiana_Lab10.iOS", "Negrea_Georgiana_Lab10.iOS\Negrea_Georgiana_Lab10.iOS.csproj", "{984D420F-F557-4C0B-93F3-CB58CDEC57A3}"
EndProject
Project("{FAE04EC0-301F-11D3-BF4B-00C04F79EFBC}") = "Negrea_Georgiana_Lab10", "Negrea_Georgiana_Lab10\Negrea_Georgiana_Lab10.csproj", "{B533E809-35CD-4308-8B5F-B99042D6A13B}"
EndProject
Global
	GlobalSection(SolutionConfigurationPlatforms) = preSolution
		Debug|Any CPU = Debug|Any CPU
		Debug|iPhone = Debug|iPhone
		Debug|iPhoneSimulator = Debug|iPhoneSimulator
		Release|Any CPU = Release|Any CPU
		Release|iPhone = Release|iPhone
		Release|iPhoneSimulator = Release|iPhoneSimulator
	EndGlobalSection
	GlobalSection(ProjectConfigurationPlatforms) = postSolution
		{C6B959EE-C4BD-4AD0-B3BC-AC5306BBD426}.Debug|Any CPU.ActiveCfg = Debug|Any CPU
		{C6B959EE-C4BD-4AD0-B3BC-AC5306BBD426}.Debug|Any CPU.Build.0 = Debug|Any CPU
		{C6B959EE-C4BD-4AD0-B3BC-AC5306BBD426}.Debug|Any CPU.Deploy.0 = Debug|Any CPU
		{C6B959EE-C4BD-4AD0-B3BC-AC5306BBD426}.Debug|iPhone.ActiveCfg = Debug|Any CPU
		{C6B959EE-C4BD-4AD0-B3BC-AC5306BBD426}.Debug|iPhone.Build.0 = Debug|Any CPU
		{C6B959EE-C4BD-4AD0-B3BC-AC5306BBD426}.Debug|iPhone.Deploy.0 = Debug|Any CPU
		{C6B959EE-C4BD-4AD0-B3BC-AC5306BBD426}.Debug|iPhoneSimulator.ActiveCfg = Debug|Any CPU
		{C6B959EE-C4BD-4AD0-B3BC-AC5306BBD426}.Debug|iPhoneSimulator.Build.0 = Debug|Any CPU
		{C6B959EE-C4BD-4AD0-B3BC-AC5306BBD426}.Debug|iPhoneSimulator.Deploy.0 = Debug|Any CPU
		{C6B959EE-C4BD-4AD0-B3BC-AC5306BBD426}.Release|Any CPU.ActiveCfg = Release|Any CPU
		{C6B959EE-C4BD-4AD0-B3BC-AC5306BBD426}.Release|Any CPU.Build.0 = Release|Any CPU
		{C6B959EE-C4BD-4AD0-B3BC-AC5306BBD426}.Release|Any CPU.Deploy.0 = Release|Any CPU
		{C6B959EE-C4BD-4AD0-B3BC-AC5306BBD426}.Release|iPhone.ActiveCfg = Release|Any CPU
		{C6B959EE-C4BD-4AD0-B3BC-AC5306BBD426}.Release|iPhone.Build.0 = Release|Any CPU
		{C6B959EE-C4BD-4AD0-B3BC-AC5306BBD426}.Release|iPhone.Deploy.0 = Release|Any CPU
		{C6B959EE-C4BD-4AD0-B3BC-AC5306BBD426}.Release|iPhoneSimulator.ActiveCfg = Release|Any CPU
		{C6B959EE-C4BD-4AD0-B3BC-AC5306BBD426}.Release|iPhoneSimulator.Build.0 = Release|Any CPU
		{C6B959EE-C4BD-4AD0-B3BC-AC5306BBD426}.Release|iPhoneSimulator.Deploy.0 = Release|Any CPU
		{984D420F-F557-4C0B-93F3-CB58CDEC57A3}.Debug|Any CPU.ActiveCfg = Debug|iPhone
		{984D420F-F557-4C0B-93F3-CB58CDEC57A3}.Debug|Any CPU.Build.0 = Debug|iPhone
		{984D420F-F557-4C0B-93F3-CB58CDEC57A3}.Debug|Any CPU.Deploy.0 = Debug|iPhone
		{984D420F-F557-4C0B-93F3-CB58CDEC57A3}.Debug|iPhone.ActiveCfg = Debug|iPhone
		{984D420F-F557-4C0B-93F3-CB58CDEC57A3}.Debug|iPhone.Build.0 = Debug|iPhone
		{984D420F-F557-4C0B-93F3-CB58CDEC57A3}.Debug|iPhone.Deploy.0 = Debug|iPhone
		{984D420F-F557-4C0B-93F3-CB58CDEC57A3}.Debug|iPhoneSimulator.ActiveCfg = Debug|iPhoneSimulator
		{984D420F-F557-4C0B-93F3-CB58CDEC57A3}.Debug|iPhoneSimulator.Build.0 = Debug|iPhoneSimulator
		{984D420F-F557-4C0B-93F3-CB58CDEC57A3}.Debug|iPhoneSimulator.Deploy.0 = Debug|iPhoneSimulator
		{984D420F-F557-4C0B-93F3-CB58CDEC57A3}.Release|Any CPU.ActiveCfg = Release|iPhoneSimulator
		{984D420F-F557-4C0B-93F3-CB58CDEC57A3}.Release|Any CPU.Build.0 = Release|iPhoneSimulator
		{984D420F-F557-4C0B-93F3-CB58CDEC57A3}.Release|Any CPU.Deploy.0 = Release|iPhoneSimulator
		{984D420F-F557-4C0B-93F3-CB58CDEC57A3}.Release|iPhone.ActiveCfg = Release|iPhone
		{984D420F-F557-4C0B-93F3-CB58CDEC57A3}.Release|iPhone.Build.0 = Release|iPhone
		{984D420F-F557-4C0B-93F3-CB58CDEC57A3}.Release|iPhone.Deploy.0 = Release|iPhone
		{984D420F-F557-4C0B-93F3-CB58CDEC57A3}.Release|iPhoneSimulator.ActiveCfg = Release|iPhoneSimulator
		{984D420F-F557-4C0B-93F3-CB58CDEC57A3}.Release|iPhoneSimulator.Build.0 = Release|iPhoneSimulator
		{984D420F-F557-4C0B-93F3-CB58CDEC57A3}.Release|iPhoneSimulator.Deploy.0 = Release|iPhoneSimulator
		{B533E809-35CD-4308-8B5F-B99042D6A13B}.Debug|Any CPU.ActiveCfg = Debug|Any CPU
		{B533E809-35CD-4308-8B5F-B99042D6A13B}.Debug|Any CPU.Build.0 = Debug|Any CPU
		{B533E809-35CD-4308-8B5F-B99042D6A13B}.Debug|Any CPU.Deploy.0 = Debug|Any CPU
		{B533E809-35CD-4308-8B5F-B99042D6A13B}.Debug|iPhone.ActiveCfg = Debug|Any CPU
		{B533E809-35CD-4308-8B5F-B99042D6A13B}.Debug|iPhone.Build.0 = Debug|Any CPU
		{B533E809-35CD-4308-8B5F-B99042D6A13B}.Debug|iPhone.Deploy.0 = Debug|Any CPU
		{B533E809-35CD-4308-8B5F-B99042D6A13B}.Debug|iPhoneSimulator.ActiveCfg = Debug|Any CPU
		{B533E809-35CD-4308-8B5F-B99042D6A13B}.Debug|iPhoneSimulator.Build.0 = Debug|Any CPU
		{B533E809-35CD-4308-8B5F-B99042D6A13B}.Debug|iPhoneSimulator.Deploy.0 = Debug|Any CPU
		{B533E809-35CD-4308-8B5F-B99042D6A13B}.Release|Any CPU.ActiveCfg = Release|Any CPU
		{B533E809-35CD-4308-8B5F-B99042D6A13B}.Release|Any CPU.Build.0 = Release|Any CPU
		{B533E809-35CD-4308-8B5F-B99042D6A13B}.Release|Any CPU.Deploy.0 = Release|Any CPU
		{B533E809-35CD-4308-8B5F-B99042D6A13B}.Release|iPhone.ActiveCfg = Release|Any CPU
		{B533E809-35CD-4308-8B5F-B99042D6A13B}.Release|iPhone.Build.0 = Release|Any CPU
		{B533E809-35CD-4308-8B5F-B99042D6A13B}.Release|iPhone.Deploy.0 = Release|Any CPU
		{B533E809-35CD-4308-8B5F-B99042D6A13B}.Release|iPhoneSimulator.ActiveCfg = Release|Any CPU
		{B533E809-35CD-4308-8B5F-B99042D6A13B}.Release|iPhoneSimulator.Build.0 = Release|Any CPU
		{B533E809-35CD-4308-8B5F-B99042D6A13B}.Release|iPhoneSimulator.Deploy.0 = Release|Any CPU
	EndGlobalSection
	GlobalSection(SolutionProperties) = preSolution
		HideSolutionNode = FALSE
	EndGlobalSection
	GlobalSection(ExtensibilityGlobals) = postSolution
		SolutionGuid = {FC30E9C0-D9EC-44A3-AE32-02B86669D7B0}
	EndGlobalSection
EndGlobal
